
Microsoft Visual Studio Solution File, Format Version 12.00
# Visual Studio Version 17
VisualStudioVersion = 17.2.32630.192
MinimumVisualStudioVersion = 10.0.40219.1
Project("{FAE04EC0-301F-11D3-BF4B-00C04F79EFBC}") = "MovieShopDelta", "MovieShopDelta.csproj", "{CAA29923-73E2-452C-88ED-5FAE28ED0986}"
EndProject
Global
	GlobalSection(SolutionConfigurationPlatforms) = preSolution
		Debug|Any CPU = Debug|Any CPU
		Release|Any CPU = Release|Any CPU
	EndGlobalSection
	GlobalSection(ProjectConfigurationPlatforms) = postSolution
		{CAA29923-73E2-452C-88ED-5FAE28ED0986}.Debug|Any CPU.ActiveCfg = Debug|Any CPU
		{CAA29923-73E2-452C-88ED-5FAE28ED0986}.Debug|Any CPU.Build.0 = Debug|Any CPU
		{CAA29923-73E2-452C-88ED-5FAE28ED0986}.Release|Any CPU.ActiveCfg = Release|Any CPU
		{CAA29923-73E2-452C-88ED-5FAE28ED0986}.Release|Any CPU.Build.0 = Release|Any CPU
	EndGlobalSection
	GlobalSection(SolutionProperties) = preSolution
		HideSolutionNode = FALSE
	EndGlobalSection
	GlobalSection(ExtensibilityGlobals) = postSolution
		SolutionGuid = {A40DAD3F-0661-4F2F-A82F-01F964806F01}
	EndGlobalSection
EndGlobal
